
Microsoft Visual Studio Solution File, Format Version 12.00
# Visual Studio Version 17
VisualStudioVersion = 17.8.34525.116
MinimumVisualStudioVersion = 10.0.40219.1
Project("{9A19103F-16F7-4668-BE54-9A1E7A4F7556}") = "KLib.DeviceId", "KLib.DeviceId\KLib.DeviceId.csproj", "{742F1D98-3181-44D5-843F-5B0B6BEE46A0}"
EndProject
Project("{9A19103F-16F7-4668-BE54-9A1E7A4F7556}") = "KLib.DeviceId.Demo", "KLib.DeviceId.Demo\KLib.DeviceId.Demo.csproj", "{6A24D08D-40E8-436A-ABA1-064AAFD0B264}"
EndProject
Global
	GlobalSection(SolutionConfigurationPlatforms) = preSolution
		Debug|Any CPU = Debug|Any CPU
		Release|Any CPU = Release|Any CPU
	EndGlobalSection
	GlobalSection(ProjectConfigurationPlatforms) = postSolution
		{742F1D98-3181-44D5-843F-5B0B6BEE46A0}.Debug|Any CPU.ActiveCfg = Debug|Any CPU
		{742F1D98-3181-44D5-843F-5B0B6BEE46A0}.Debug|Any CPU.Build.0 = Debug|Any CPU
		{742F1D98-3181-44D5-843F-5B0B6BEE46A0}.Release|Any CPU.ActiveCfg = Release|Any CPU
		{742F1D98-3181-44D5-843F-5B0B6BEE46A0}.Release|Any CPU.Build.0 = Release|Any CPU
		{6A24D08D-40E8-436A-ABA1-064AAFD0B264}.Debug|Any CPU.ActiveCfg = Debug|Any CPU
		{6A24D08D-40E8-436A-ABA1-064AAFD0B264}.Debug|Any CPU.Build.0 = Debug|Any CPU
		{6A24D08D-40E8-436A-ABA1-064AAFD0B264}.Release|Any CPU.ActiveCfg = Release|Any CPU
		{6A24D08D-40E8-436A-ABA1-064AAFD0B264}.Release|Any CPU.Build.0 = Release|Any CPU
	EndGlobalSection
	GlobalSection(SolutionProperties) = preSolution
		HideSolutionNode = FALSE
	EndGlobalSection
	GlobalSection(ExtensibilityGlobals) = postSolution
		SolutionGuid = {19869B51-3D03-4E76-A14B-95A64D3A54EC}
	EndGlobalSection
EndGlobal
